<?xml version="1.0" encoding="utf-8"?>
<Project ToolsVersion="4.0" xmlns="http://schemas.microsoft.com/developer/msbuild/2003">
  <ItemGroup>
    <Filter Include="Source Files">
      <UniqueIdentifier>{4FC737F1-C7A5-4376-A066-2A32D752A2FF}</UniqueIdentifier>
      <Extensions>cpp;c;cc;cxx;def;odl;idl;hpj;bat;asm;asmx</Extensions>
    </Filter>
    <Filter Include="Header Files">
      <UniqueIdentifier>{93995380-89BD-4b04-88EB-625FBE52EBFB}</UniqueIdentifier>
      <Extensions>h;hh;hpp;hxx;hm;inl;inc;xsd</Extensions>
    </Filter>
    <Filter Include="Resource Files">
      <UniqueIdentifier>{67DA6AB6-F800-4c08-8B7A-83BB121AAD01}</UniqueIdentifier>
      <Extensions>rc;ico;cur;bmp;dlg;rc2;rct;bin;rgs;gif;jpg;jpeg;jpe;resx;tiff;tif;png;wav;mfcribbon-ms</Extensions>
    </Filter>
    <Filter Include="Header Files\core">
      <UniqueIdentifier>{325bb3a7-d9b8-4a03-b6a1-16cd395fec0c}</UniqueIdentifier>
    </Filter>
    <Filter Include="Header Files\entities">
      <UniqueIdentifier>{b3ff443d-b315-49e5-9d2a-bc27e654e9ae}</UniqueIdentifier>
    </Filter>
    <Filter Include="Source Files\core">
      <UniqueIdentifier>{6412e631-75cb-4b7c-aa8c-d3272f767fe6}</UniqueIdentifier>
    </Filter>
    <Filter Include="Source Files\entities">
      <UniqueIdentifier>{498899d4-b1b2-4d6b-a58b-1dc80f2f51f9}</UniqueIdentifier>
    </Filter>
    <Filter Include="Source Files\util">
      <UniqueIdentifier>{7e2febd0-b514-4ffc-8fa4-ada766dcd9e6}</UniqueIdentifier>
    </Filter>
    <Filter Include="Header Files\util">
      <UniqueIdentifier>{12cdce82-c179-43df-bae6-b67a7148010b}</UniqueIdentifier>
    </Filter>
    <Filter Include="Header Files\util\tiled">
      <UniqueIdentifier>{79526ed3-6b96-4ae1-a733-46a5c1ce0f64}</UniqueIdentifier>
    </Filter>
    <Filter Include="Source Files\util\tiled">
      <UniqueIdentifier>{57ac171a-c393-460a-9923-79dd455cfd6f}</UniqueIdentifier>
    </Filter>
    <Filter Include="Header Files\physics">
      <UniqueIdentifier>{aba2deb7-accc-4a46-83ba-771b6aaabb80}</UniqueIdentifier>
    </Filter>
    <Filter Include="Source Files\physics">
      <UniqueIdentifier>{1677dd44-1ef2-4ffd-b87f-8adcd95a9fe8}</UniqueIdentifier>
    </Filter>
    <Filter Include="Resource Files\audio">
      <UniqueIdentifier>{35c9628b-2fab-4e99-925b-b5e84b5835af}</UniqueIdentifier>
    </Filter>
    <Filter Include="Resource Files\images">
      <UniqueIdentifier>{f1dae076-2888-4d18-a4e3-cc6bd9bdcc11}</UniqueIdentifier>
    </Filter>
    <Filter Include="Resource Files\tilesets">
      <UniqueIdentifier>{66784e74-36b4-4d00-aaef-da698ee8be2f}</UniqueIdentifier>
    </Filter>
  </ItemGroup>
  <ItemGroup>
    <ClCompile Include="main.cpp">
      <Filter>Source Files</Filter>
    </ClCompile>
    <ClCompile Include="core\EventHandler.cpp">
      <Filter>Source Files\core</Filter>
    </ClCompile>
    <ClCompile Include="core\Game.cpp">
      <Filter>Source Files\core</Filter>
    </ClCompile>
    <ClCompile Include="core\InputHandler.cpp">
      <Filter>Source Files\core</Filter>
    </ClCompile>
    <ClCompile Include="core\Renderer.cpp">
      <Filter>Source Files\core</Filter>
    </ClCompile>
    <ClCompile Include="core\SceneHandler.cpp">
      <Filter>Source Files\core</Filter>
    </ClCompile>
    <ClCompile Include="core\Texture.cpp">
      <Filter>Source Files\core</Filter>
    </ClCompile>
    <ClCompile Include="entities\Camera.cpp">
      <Filter>Source Files\entities</Filter>
    </ClCompile>
    <ClCompile Include="entities\Player.cpp">
      <Filter>Source Files\entities</Filter>
    </ClCompile>
    <ClCompile Include="entities\Projectile.cpp">
      <Filter>Source Files\entities</Filter>
    </ClCompile>
    <ClCompile Include="entities\ResetBox.cpp">
      <Filter>Source Files\entities</Filter>
    </ClCompile>
    <ClCompile Include="entities\Audio.cpp">
      <Filter>Source Files\entities</Filter>
    </ClCompile>
    <ClCompile Include="entities\Box.cpp">
      <Filter>Source Files\entities</Filter>
    </ClCompile>
    <ClCompile Include="physics\AABBCollider.cpp">
      <Filter>Source Files\physics</Filter>
    </ClCompile>
    <ClCompile Include="util\tinyxml2.cpp">
      <Filter>Source Files\util</Filter>
    </ClCompile>
    <ClCompile Include="util\Vector2D.cpp">
      <Filter>Source Files\util</Filter>
    </ClCompile>
    <ClCompile Include="util\logger.cpp">
      <Filter>Source Files\util</Filter>
    </ClCompile>
    <ClCompile Include="util\TiledParser.cpp">
      <Filter>Source Files\util\tiled</Filter>
    </ClCompile>
  </ItemGroup>
  <ItemGroup>
    <ClInclude Include="SDL_mixer.h">
      <Filter>Header Files</Filter>
    </ClInclude>
    <ClInclude Include="core\Renderable.h">
      <Filter>Header Files\core</Filter>
    </ClInclude>
    <ClInclude Include="core\Renderer.h">
      <Filter>Header Files\core</Filter>
    </ClInclude>
    <ClInclude Include="core\Scene.h">
      <Filter>Header Files\core</Filter>
    </ClInclude>
    <ClInclude Include="core\SceneHandler.h">
      <Filter>Header Files\core</Filter>
    </ClInclude>
    <ClInclude Include="core\Texture.h">
      <Filter>Header Files\core</Filter>
    </ClInclude>
    <ClInclude Include="core\Entity.h">
      <Filter>Header Files\core</Filter>
    </ClInclude>
    <ClInclude Include="core\EventHandler.h">
      <Filter>Header Files\core</Filter>
    </ClInclude>
    <ClInclude Include="core\Game.h">
      <Filter>Header Files\core</Filter>
    </ClInclude>
    <ClInclude Include="core\InputHandler.h">
      <Filter>Header Files\core</Filter>
    </ClInclude>
    <ClInclude Include="entities\Box.h">
      <Filter>Header Files\entities</Filter>
    </ClInclude>
    <ClInclude Include="entities\Camera.h">
      <Filter>Header Files\entities</Filter>
    </ClInclude>
    <ClInclude Include="entities\Player.h">
      <Filter>Header Files\entities</Filter>
    </ClInclude>
    <ClInclude Include="entities\Projectile.h">
      <Filter>Header Files\entities</Filter>
    </ClInclude>
    <ClInclude Include="entities\ResetBox.h">
      <Filter>Header Files\entities</Filter>
    </ClInclude>
    <ClInclude Include="entities\TiledMap.h">
      <Filter>Header Files\entities</Filter>
    </ClInclude>
    <ClInclude Include="entities\Audio.h">
      <Filter>Header Files\entities</Filter>
    </ClInclude>
    <ClInclude Include="physics\AABBCollider.h">
      <Filter>Header Files\physics</Filter>
    </ClInclude>
    <ClInclude Include="util\logger.h">
      <Filter>Header Files\util</Filter>
    </ClInclude>
    <ClInclude Include="util\tinyxml2.h">
      <Filter>Header Files\util</Filter>
    </ClInclude>
    <ClInclude Include="util\Vector2D.h">
      <Filter>Header Files\util</Filter>
    </ClInclude>
    <ClInclude Include="util\TiledParser.h">
      <Filter>Header Files\util\tiled</Filter>
    </ClInclude>
    <ClInclude Include="util\Tileset.h">
      <Filter>Header Files\util\tiled</Filter>
    </ClInclude>
    <ClInclude Include="util\Tile.h">
      <Filter>Header Files\util\tiled</Filter>
    </ClInclude>
  </ItemGroup>
  <ItemGroup>
    <None Include="packages.config" />
    <None Include="post_build.bat" />
    <None Include="resources\tilesets\Level1.tmx">
      <Filter>Resource Files\tilesets</Filter>
    </None>
  </ItemGroup>
  <ItemGroup>
    <Library Include="SDL2_mixer.lib" />
  </ItemGroup>
  <ItemGroup>
    <Image Include="resources\images\ball.png">
      <Filter>Resource Files\images</Filter>
    </Image>
    <Image Include="resources\images\block.png">
      <Filter>Resource Files\images</Filter>
    </Image>
    <Image Include="resources\tilesets\tilesheet_complete_2X.png">
      <Filter>Resource Files\tilesets</Filter>
    </Image>
  </ItemGroup>
  <ItemGroup>
    <Media Include="resources\audio\beat.wav">
      <Filter>Resource Files\audio</Filter>
    </Media>
    <Media Include="resources\audio\low.wav">
      <Filter>Resource Files\audio</Filter>
    </Media>
  </ItemGroup>
</Project>