<?xml version="1.0" encoding="utf-8"?>
<Project ToolsVersion="4.0" xmlns="http://schemas.microsoft.com/developer/msbuild/2003">
  <ItemGroup>
    <Filter Include="Source Files">
      <UniqueIdentifier>{4FC737F1-C7A5-4376-A066-2A32D752A2FF}</UniqueIdentifier>
      <Extensions>cpp;c;cc;cxx;def;odl;idl;hpj;bat;asm;asmx</Extensions>
    </Filter>
    <Filter Include="Header Files">
      <UniqueIdentifier>{93995380-89BD-4b04-88EB-625FBE52EBFB}</UniqueIdentifier>
      <Extensions>h;hh;hpp;hxx;hm;inl;inc;xsd</Extensions>
    </Filter>
    <Filter Include="Resource Files">
      <UniqueIdentifier>{67DA6AB6-F800-4c08-8B7A-83BB121AAD01}</UniqueIdentifier>
      <Extensions>rc;ico;cur;bmp;dlg;rc2;rct;bin;rgs;gif;jpg;jpeg;jpe;resx;tiff;tif;png;wav;mfcribbon-ms</Extensions>
    </Filter>
    <Filter Include="Header Files\core">
      <UniqueIdentifier>{325bb3a7-d9b8-4a03-b6a1-16cd395fec0c}</UniqueIdentifier>
    </Filter>
    <Filter Include="Header Files\entities">
      <UniqueIdentifier>{b3ff443d-b315-49e5-9d2a-bc27e654e9ae}</UniqueIdentifier>
    </Filter>
    <Filter Include="Header Files\physics">
      <UniqueIdentifier>{f7302218-23fd-41a4-8523-9c674658303d}</UniqueIdentifier>
    </Filter>
    <Filter Include="Source Files\core">
      <UniqueIdentifier>{6412e631-75cb-4b7c-aa8c-d3272f767fe6}</UniqueIdentifier>
    </Filter>
    <Filter Include="Source Files\entities">
      <UniqueIdentifier>{498899d4-b1b2-4d6b-a58b-1dc80f2f51f9}</UniqueIdentifier>
    </Filter>
    <Filter Include="Source Files\util">
      <UniqueIdentifier>{7e2febd0-b514-4ffc-8fa4-ada766dcd9e6}</UniqueIdentifier>
    </Filter>
    <Filter Include="Source Files\physics">
      <UniqueIdentifier>{42bdebda-5d29-49fb-9f68-50c17df9b729}</UniqueIdentifier>
    </Filter>
    <Filter Include="Header Files\util">
      <UniqueIdentifier>{12cdce82-c179-43df-bae6-b67a7148010b}</UniqueIdentifier>
    </Filter>
  </ItemGroup>
  <ItemGroup>
    <ClCompile Include="main.cpp">
      <Filter>Source Files</Filter>
    </ClCompile>
    <ClCompile Include="Box.cpp">
      <Filter>Source Files\entities</Filter>
    </ClCompile>
    <ClCompile Include="Player.cpp">
      <Filter>Source Files\entities</Filter>
    </ClCompile>
    <ClCompile Include="Camera.cpp">
      <Filter>Source Files\entities</Filter>
    </ClCompile>
    <ClCompile Include="Collidable.cpp">
      <Filter>Source Files\physics</Filter>
    </ClCompile>
    <ClCompile Include="CollisionHandler.cpp">
      <Filter>Source Files\physics</Filter>
    </ClCompile>
    <ClCompile Include="DynamicCollider.cpp">
      <Filter>Source Files\physics</Filter>
    </ClCompile>
    <ClCompile Include="StaticCollider.cpp">
      <Filter>Source Files\physics</Filter>
    </ClCompile>
    <ClCompile Include="Vector2D.cpp">
      <Filter>Source Files\util</Filter>
    </ClCompile>
    <ClCompile Include="InputHandler.cpp">
      <Filter>Source Files\core</Filter>
    </ClCompile>
    <ClCompile Include="Renderer.cpp">
      <Filter>Source Files\core</Filter>
    </ClCompile>
    <ClCompile Include="logger.cpp">
      <Filter>Source Files\util</Filter>
    </ClCompile>
    <ClCompile Include="Texture.cpp">
      <Filter>Source Files</Filter>
    </ClCompile>
    <ClCompile Include="..\..\..\Visual Studio 2015\Projects\PlatformTest\PlatformTest\tinyxml2.cpp">
      <Filter>Source Files\util</Filter>
    </ClCompile>
  </ItemGroup>
  <ItemGroup>
    <ClInclude Include="Scene.h">
      <Filter>Header Files</Filter>
    </ClInclude>
    <ClInclude Include="Renderable.h">
      <Filter>Header Files</Filter>
    </ClInclude>
    <ClInclude Include="Box.h">
      <Filter>Header Files\entities</Filter>
    </ClInclude>
    <ClInclude Include="Player.h">
      <Filter>Header Files\entities</Filter>
    </ClInclude>
    <ClInclude Include="StaticCollider.h">
      <Filter>Header Files\physics</Filter>
    </ClInclude>
    <ClInclude Include="DynamicCollider.h">
      <Filter>Header Files\physics</Filter>
    </ClInclude>
    <ClInclude Include="CollisionHandler.h">
      <Filter>Header Files\physics</Filter>
    </ClInclude>
    <ClInclude Include="Collidable.h">
      <Filter>Header Files\physics</Filter>
    </ClInclude>
    <ClInclude Include="Camera.h">
      <Filter>Header Files\entities</Filter>
    </ClInclude>
    <ClInclude Include="Vector2D.h">
      <Filter>Header Files\util</Filter>
    </ClInclude>
    <ClInclude Include="InputHandler.h">
      <Filter>Header Files\core</Filter>
    </ClInclude>
    <ClInclude Include="Renderer.h">
      <Filter>Header Files\core</Filter>
    </ClInclude>
    <ClInclude Include="Entity.h">
      <Filter>Header Files\core</Filter>
    </ClInclude>
    <ClInclude Include="logger.h">
      <Filter>Header Files\util</Filter>
    </ClInclude>
    <ClInclude Include="tinyxml2.h">
      <Filter>Header Files\util</Filter>
    </ClInclude>
    <ClInclude Include="Texture.h">
      <Filter>Header Files</Filter>
    </ClInclude>
    <ClInclude Include="TiledMap.h">
      <Filter>Header Files</Filter>
    </ClInclude>
    <ClInclude Include="GLRenderer.h">
      <Filter>Header Files\core</Filter>
    </ClInclude>
  </ItemGroup>
</Project>